
Microsoft Visual Studio Solution File, Format Version 12.00
# Visual Studio Version 17
VisualStudioVersion = 17.1.32210.238
MinimumVisualStudioVersion = 10.0.40219.1
Project("{9A19103F-16F7-4668-BE54-9A1E7A4F7556}") = "inOfficeApplication", "inOfficeApplication.csproj", "{18EBB948-10C8-47BE-A139-E6E8DE40A724}"
	ProjectSection(ProjectDependencies) = postProject
		{29E2A66C-4CDC-4736-8388-E48FBAF52971} = {29E2A66C-4CDC-4736-8388-E48FBAF52971}
	EndProjectSection
EndProject
Project("{9A19103F-16F7-4668-BE54-9A1E7A4F7556}") = "inOfficeApplication.Data", "..\inOfficeApplication.Data\inOfficeApplication.Data.csproj", "{29E2A66C-4CDC-4736-8388-E48FBAF52971}"
EndProject
Project("{FAE04EC0-301F-11D3-BF4B-00C04F79EFBC}") = "inOffice.BusinessLogicLayer", "..\inOffice.BusinessLogicLayer\inOffice.BusinessLogicLayer.csproj", "{CAD9E0BC-379D-43D4-9E36-3BF3B6BD3A6F}"
EndProject
Project("{FAE04EC0-301F-11D3-BF4B-00C04F79EFBC}") = "inOffice.Repository", "..\inOffice.Repository\inOffice.Repository.csproj", "{8210F923-5CFE-4AAF-B5BE-C304DC4D5D39}"
EndProject
Global
	GlobalSection(SolutionConfigurationPlatforms) = preSolution
		Debug|Any CPU = Debug|Any CPU
		Release|Any CPU = Release|Any CPU
	EndGlobalSection
	GlobalSection(ProjectConfigurationPlatforms) = postSolution
		{18EBB948-10C8-47BE-A139-E6E8DE40A724}.Debug|Any CPU.ActiveCfg = Debug|Any CPU
		{18EBB948-10C8-47BE-A139-E6E8DE40A724}.Debug|Any CPU.Build.0 = Debug|Any CPU
		{18EBB948-10C8-47BE-A139-E6E8DE40A724}.Release|Any CPU.ActiveCfg = Release|Any CPU
		{18EBB948-10C8-47BE-A139-E6E8DE40A724}.Release|Any CPU.Build.0 = Release|Any CPU
		{29E2A66C-4CDC-4736-8388-E48FBAF52971}.Debug|Any CPU.ActiveCfg = Debug|Any CPU
		{29E2A66C-4CDC-4736-8388-E48FBAF52971}.Debug|Any CPU.Build.0 = Debug|Any CPU
		{29E2A66C-4CDC-4736-8388-E48FBAF52971}.Release|Any CPU.ActiveCfg = Release|Any CPU
		{29E2A66C-4CDC-4736-8388-E48FBAF52971}.Release|Any CPU.Build.0 = Release|Any CPU
		{CAD9E0BC-379D-43D4-9E36-3BF3B6BD3A6F}.Debug|Any CPU.ActiveCfg = Debug|Any CPU
		{CAD9E0BC-379D-43D4-9E36-3BF3B6BD3A6F}.Debug|Any CPU.Build.0 = Debug|Any CPU
		{CAD9E0BC-379D-43D4-9E36-3BF3B6BD3A6F}.Release|Any CPU.ActiveCfg = Release|Any CPU
		{CAD9E0BC-379D-43D4-9E36-3BF3B6BD3A6F}.Release|Any CPU.Build.0 = Release|Any CPU
		{8210F923-5CFE-4AAF-B5BE-C304DC4D5D39}.Debug|Any CPU.ActiveCfg = Debug|Any CPU
		{8210F923-5CFE-4AAF-B5BE-C304DC4D5D39}.Debug|Any CPU.Build.0 = Debug|Any CPU
		{8210F923-5CFE-4AAF-B5BE-C304DC4D5D39}.Release|Any CPU.ActiveCfg = Release|Any CPU
		{8210F923-5CFE-4AAF-B5BE-C304DC4D5D39}.Release|Any CPU.Build.0 = Release|Any CPU
	EndGlobalSection
	GlobalSection(SolutionProperties) = preSolution
		HideSolutionNode = FALSE
	EndGlobalSection
	GlobalSection(ExtensibilityGlobals) = postSolution
		SolutionGuid = {CBB6C4BF-13FB-47F8-B019-5B3FA699D5FD}
	EndGlobalSection
EndGlobal
