
Microsoft Visual Studio Solution File, Format Version 12.00
# Visual Studio Version 17
VisualStudioVersion = 17.1.32210.238
MinimumVisualStudioVersion = 10.0.40219.1
Project("{9A19103F-16F7-4668-BE54-9A1E7A4F7556}") = "inOfficeApplication", "inOfficeApplication.csproj", "{18EBB948-10C8-47BE-A139-E6E8DE40A724}"
EndProject
Project("{2150E333-8FDC-42A3-9474-1A3956D46DE8}") = "Solution Items", "Solution Items", "{D860BC4A-B165-4428-80FE-61D04BE4CE5E}"
EndProject
Global
	GlobalSection(SolutionConfigurationPlatforms) = preSolution
		Debug|Any CPU = Debug|Any CPU
		Release|Any CPU = Release|Any CPU
	EndGlobalSection
	GlobalSection(ProjectConfigurationPlatforms) = postSolution
		{18EBB948-10C8-47BE-A139-E6E8DE40A724}.Debug|Any CPU.ActiveCfg = Debug|Any CPU
		{18EBB948-10C8-47BE-A139-E6E8DE40A724}.Debug|Any CPU.Build.0 = Debug|Any CPU
		{18EBB948-10C8-47BE-A139-E6E8DE40A724}.Release|Any CPU.ActiveCfg = Release|Any CPU
		{18EBB948-10C8-47BE-A139-E6E8DE40A724}.Release|Any CPU.Build.0 = Release|Any CPU
	EndGlobalSection
	GlobalSection(SolutionProperties) = preSolution
		HideSolutionNode = FALSE
	EndGlobalSection
	GlobalSection(ExtensibilityGlobals) = postSolution
		SolutionGuid = {CBB6C4BF-13FB-47F8-B019-5B3FA699D5FD}
	EndGlobalSection
EndGlobal
